
Microsoft Visual Studio Solution File, Format Version 12.00
# Visual Studio 15
VisualStudioVersion = 15.0.28307.572
MinimumVisualStudioVersion = 10.0.40219.1
Project("{FAE04EC0-301F-11D3-BF4B-00C04F79EFBC}") = "Bullion", "Bullion\Bullion.csproj", "{171E737B-2B86-4B91-9488-B964607FBA87}"
EndProject
Global
	GlobalSection(SolutionConfigurationPlatforms) = preSolution
		Debug|Any CPU = Debug|Any CPU
		Release|Any CPU = Release|Any CPU
	EndGlobalSection
	GlobalSection(ProjectConfigurationPlatforms) = postSolution
		{171E737B-2B86-4B91-9488-B964607FBA87}.Debug|Any CPU.ActiveCfg = Debug|Any CPU
		{171E737B-2B86-4B91-9488-B964607FBA87}.Debug|Any CPU.Build.0 = Debug|Any CPU
		{171E737B-2B86-4B91-9488-B964607FBA87}.Release|Any CPU.ActiveCfg = Release|Any CPU
		{171E737B-2B86-4B91-9488-B964607FBA87}.Release|Any CPU.Build.0 = Release|Any CPU
	EndGlobalSection
	GlobalSection(SolutionProperties) = preSolution
		HideSolutionNode = FALSE
	EndGlobalSection
	GlobalSection(ExtensibilityGlobals) = postSolution
		SolutionGuid = {B64F41E7-FA7D-4C30-B4A5-679A23DB2C09}
	EndGlobalSection
EndGlobal
